<?xml version="1.0" encoding="utf-8"?>
<Project ToolsVersion="4.0" xmlns="http://schemas.microsoft.com/developer/msbuild/2003">
  <ItemGroup>
    <Filter Include="Source Files">
      <UniqueIdentifier>{4FC737F1-C7A5-4376-A066-2A32D752A2FF}</UniqueIdentifier>
      <Extensions>cpp;c;cc;cxx;def;odl;idl;hpj;bat;asm;asmx</Extensions>
    </Filter>
    <Filter Include="Header Files">
      <UniqueIdentifier>{93995380-89BD-4b04-88EB-625FBE52EBFB}</UniqueIdentifier>
      <Extensions>h;hh;hpp;hxx;hm;inl;inc;xsd</Extensions>
    </Filter>
    <Filter Include="Resource Files">
      <UniqueIdentifier>{67DA6AB6-F800-4c08-8B7A-83BB121AAD01}</UniqueIdentifier>
      <Extensions>rc;ico;cur;bmp;dlg;rc2;rct;bin;rgs;gif;jpg;jpeg;jpe;resx;tiff;tif;png;wav;mfcribbon-ms</Extensions>
    </Filter>
    <Filter Include="GEL">
      <UniqueIdentifier>{373014bd-ff59-4e4d-beac-131b3ac7e860}</UniqueIdentifier>
    </Filter>
    <Filter Include="GEL\CGLA">
      <UniqueIdentifier>{31a333fd-97f0-4429-a0a1-107983ad52d6}</UniqueIdentifier>
    </Filter>
    <Filter Include="GEL\Geometry">
      <UniqueIdentifier>{bbc4457a-b6fa-40d3-bdd1-e3a7d4f618b9}</UniqueIdentifier>
    </Filter>
    <Filter Include="GEL\HMesh">
      <UniqueIdentifier>{2ea9add3-e412-4152-9326-f86ec8755bfc}</UniqueIdentifier>
    </Filter>
    <Filter Include="GEL\Util">
      <UniqueIdentifier>{5dee3ac9-3119-44ab-b62c-3f27f7c028b3}</UniqueIdentifier>
    </Filter>
    <Filter Include="DSC">
      <UniqueIdentifier>{1835c3d3-eefd-47e4-bde7-23dee6edde0c}</UniqueIdentifier>
    </Filter>
    <Filter Include="SEGMENT">
      <UniqueIdentifier>{292541f5-1c7a-4a78-9d74-1fdbe65329db}</UniqueIdentifier>
    </Filter>
  </ItemGroup>
  <ItemGroup>
    <ClCompile Include="Source.cpp">
      <Filter>Source Files</Filter>
    </ClCompile>
    <ClCompile Include="GEL\CGLA\ArithVec2Float.cpp">
      <Filter>GEL\CGLA</Filter>
    </ClCompile>
    <ClCompile Include="GEL\CGLA\ArithVec3Float.cpp">
      <Filter>GEL\CGLA</Filter>
    </ClCompile>
    <ClCompile Include="GEL\CGLA\eigensolution.cpp">
      <Filter>GEL\CGLA</Filter>
    </ClCompile>
    <ClCompile Include="GEL\CGLA\gel_rand.cpp">
      <Filter>GEL\CGLA</Filter>
    </ClCompile>
    <ClCompile Include="GEL\CGLA\Mat3x3d.cpp">
      <Filter>GEL\CGLA</Filter>
    </ClCompile>
    <ClCompile Include="GEL\CGLA\Mat3x3f.cpp">
      <Filter>GEL\CGLA</Filter>
    </ClCompile>
    <ClCompile Include="GEL\CGLA\Mat4x4d.cpp">
      <Filter>GEL\CGLA</Filter>
    </ClCompile>
    <ClCompile Include="GEL\CGLA\Mat4x4f.cpp">
      <Filter>GEL\CGLA</Filter>
    </ClCompile>
    <ClCompile Include="GEL\CGLA\statistics.cpp">
      <Filter>GEL\CGLA</Filter>
    </ClCompile>
    <ClCompile Include="GEL\CGLA\TableTrigonometry.cpp">
      <Filter>GEL\CGLA</Filter>
    </ClCompile>
    <ClCompile Include="GEL\CGLA\Vec2i.cpp">
      <Filter>GEL\CGLA</Filter>
    </ClCompile>
    <ClCompile Include="GEL\CGLA\Vec3f.cpp">
      <Filter>GEL\CGLA</Filter>
    </ClCompile>
    <ClCompile Include="GEL\CGLA\Vec3i.cpp">
      <Filter>GEL\CGLA</Filter>
    </ClCompile>
    <ClCompile Include="GEL\CGLA\ArithSqMat3x3Float.cpp">
      <Filter>GEL\CGLA</Filter>
    </ClCompile>
    <ClCompile Include="GEL\CGLA\ArithSqMat4x4Float.cpp">
      <Filter>GEL\CGLA</Filter>
    </ClCompile>
    <ClCompile Include="GEL\Geometry\BoundingLNode.cpp">
      <Filter>GEL\Geometry</Filter>
    </ClCompile>
    <ClCompile Include="GEL\Geometry\BoundingNode.cpp">
      <Filter>GEL\Geometry</Filter>
    </ClCompile>
    <ClCompile Include="GEL\Geometry\BoundingTree.cpp">
      <Filter>GEL\Geometry</Filter>
    </ClCompile>
    <ClCompile Include="GEL\Geometry\BSPTree.cpp">
      <Filter>GEL\Geometry</Filter>
    </ClCompile>
    <ClCompile Include="GEL\Geometry\build_bbtree.cpp">
      <Filter>GEL\Geometry</Filter>
    </ClCompile>
    <ClCompile Include="GEL\Geometry\geo_load.cpp">
      <Filter>GEL\Geometry</Filter>
    </ClCompile>
    <ClCompile Include="GEL\Geometry\geo_obj_load.cpp">
      <Filter>GEL\Geometry</Filter>
    </ClCompile>
    <ClCompile Include="GEL\Geometry\GradientFilter.cpp">
      <Filter>GEL\Geometry</Filter>
    </ClCompile>
    <ClCompile Include="GEL\Geometry\Graph.cpp">
      <Filter>GEL\Geometry</Filter>
    </ClCompile>
    <ClCompile Include="GEL\Geometry\Implicit.cpp">
      <Filter>GEL\Geometry</Filter>
    </ClCompile>
    <ClCompile Include="GEL\Geometry\load_raw.cpp">
      <Filter>GEL\Geometry</Filter>
    </ClCompile>
    <ClCompile Include="GEL\Geometry\Neighbours.cpp">
      <Filter>GEL\Geometry</Filter>
    </ClCompile>
    <ClCompile Include="GEL\Geometry\OBox.cpp">
      <Filter>GEL\Geometry</Filter>
    </ClCompile>
    <ClCompile Include="GEL\Geometry\Polygonizer.cpp">
      <Filter>GEL\Geometry</Filter>
    </ClCompile>
    <ClCompile Include="GEL\Geometry\QEM.cpp">
      <Filter>GEL\Geometry</Filter>
    </ClCompile>
    <ClCompile Include="GEL\Geometry\rply.c">
      <Filter>GEL\Geometry</Filter>
    </ClCompile>
    <ClCompile Include="GEL\Geometry\rply_load.cpp">
      <Filter>GEL\Geometry</Filter>
    </ClCompile>
    <ClCompile Include="GEL\Geometry\tessellate.cpp">
      <Filter>GEL\Geometry</Filter>
    </ClCompile>
    <ClCompile Include="GEL\Geometry\ThreeDDDA.cpp">
      <Filter>GEL\Geometry</Filter>
    </ClCompile>
    <ClCompile Include="GEL\Geometry\Triangle.cpp">
      <Filter>GEL\Geometry</Filter>
    </ClCompile>
    <ClCompile Include="GEL\Geometry\TrilinFilter.cpp">
      <Filter>GEL\Geometry</Filter>
    </ClCompile>
    <ClCompile Include="GEL\Geometry\TriMesh.cpp">
      <Filter>GEL\Geometry</Filter>
    </ClCompile>
    <ClCompile Include="GEL\Geometry\verification.cpp">
      <Filter>GEL\Geometry</Filter>
    </ClCompile>
    <ClCompile Include="GEL\Geometry\AABox.cpp">
      <Filter>GEL\Geometry</Filter>
    </ClCompile>
    <ClCompile Include="GEL\Geometry\BBox.cpp">
      <Filter>GEL\Geometry</Filter>
    </ClCompile>
    <ClCompile Include="GEL\Geometry\BoundingINode.cpp">
      <Filter>GEL\Geometry</Filter>
    </ClCompile>
    <ClCompile Include="GEL\HMesh\graph_algorithm.cpp">
      <Filter>GEL\HMesh</Filter>
    </ClCompile>
    <ClCompile Include="GEL\HMesh\load.cpp">
      <Filter>GEL\HMesh</Filter>
    </ClCompile>
    <ClCompile Include="GEL\HMesh\Manifold.cpp">
      <Filter>GEL\HMesh</Filter>
    </ClCompile>
    <ClCompile Include="GEL\HMesh\mesh_optimization.cpp">
      <Filter>GEL\HMesh</Filter>
    </ClCompile>
    <ClCompile Include="GEL\HMesh\obj_load.cpp">
      <Filter>GEL\HMesh</Filter>
    </ClCompile>
    <ClCompile Include="GEL\HMesh\obj_save.cpp">
      <Filter>GEL\HMesh</Filter>
    </ClCompile>
    <ClCompile Include="GEL\HMesh\off_load.cpp">
      <Filter>GEL\HMesh</Filter>
    </ClCompile>
    <ClCompile Include="GEL\HMesh\off_save.cpp">
      <Filter>GEL\HMesh</Filter>
    </ClCompile>
    <ClCompile Include="GEL\HMesh\ply_load.cpp">
      <Filter>GEL\HMesh</Filter>
    </ClCompile>
    <ClCompile Include="GEL\HMesh\polygonize.cpp">
      <Filter>GEL\HMesh</Filter>
    </ClCompile>
    <ClCompile Include="GEL\HMesh\quadric_simplify.cpp">
      <Filter>GEL\HMesh</Filter>
    </ClCompile>
    <ClCompile Include="GEL\HMesh\refine_edges.cpp">
      <Filter>GEL\HMesh</Filter>
    </ClCompile>
    <ClCompile Include="GEL\HMesh\smooth.cpp">
      <Filter>GEL\HMesh</Filter>
    </ClCompile>
    <ClCompile Include="GEL\HMesh\subdivision.cpp">
      <Filter>GEL\HMesh</Filter>
    </ClCompile>
    <ClCompile Include="GEL\HMesh\triangulate.cpp">
      <Filter>GEL\HMesh</Filter>
    </ClCompile>
    <ClCompile Include="GEL\HMesh\x3d_load.cpp">
      <Filter>GEL\HMesh</Filter>
    </ClCompile>
    <ClCompile Include="GEL\HMesh\x3d_save.cpp">
      <Filter>GEL\HMesh</Filter>
    </ClCompile>
    <ClCompile Include="GEL\HMesh\cleanup.cpp">
      <Filter>GEL\HMesh</Filter>
    </ClCompile>
    <ClCompile Include="GEL\HMesh\ConnectivityKernel.cpp">
      <Filter>GEL\HMesh</Filter>
    </ClCompile>
    <ClCompile Include="GEL\HMesh\curvature.cpp">
      <Filter>GEL\HMesh</Filter>
    </ClCompile>
    <ClCompile Include="GEL\HMesh\dual.cpp">
      <Filter>GEL\HMesh</Filter>
    </ClCompile>
    <ClCompile Include="GEL\Util\XmlParser.cpp">
      <Filter>GEL\Util</Filter>
    </ClCompile>
    <ClCompile Include="GEL\Util\Parse.cpp">
      <Filter>GEL\Util</Filter>
    </ClCompile>
    <ClCompile Include="GEL\Util\string_utils.cpp">
      <Filter>GEL\Util</Filter>
    </ClCompile>
    <ClCompile Include="src\object_generator.cpp">
      <Filter>DSC</Filter>
    </ClCompile>
    <ClCompile Include="src\trializer.cpp">
      <Filter>DSC</Filter>
    </ClCompile>
    <ClCompile Include="src\design_domain.cpp">
      <Filter>DSC</Filter>
    </ClCompile>
    <ClCompile Include="src\draw.cpp">
      <Filter>DSC</Filter>
    </ClCompile>
    <ClCompile Include="src\DSC.cpp">
      <Filter>DSC</Filter>
    </ClCompile>
    <ClCompile Include="SEGMENT\texture_helper.cpp">
      <Filter>SEGMENT</Filter>
    </ClCompile>
    <ClCompile Include="SEGMENT\adapt_mesh.cpp">
      <Filter>SEGMENT</Filter>
    </ClCompile>
    <ClCompile Include="SEGMENT\define.cpp">
      <Filter>SEGMENT</Filter>
    </ClCompile>
    <ClCompile Include="SEGMENT\dynamics_mul.cpp">
      <Filter>SEGMENT</Filter>
    </ClCompile>
    <ClCompile Include="SEGMENT\gl_debug_helper.cpp">
      <Filter>SEGMENT</Filter>
    </ClCompile>
    <ClCompile Include="SEGMENT\image.cpp">
      <Filter>SEGMENT</Filter>
    </ClCompile>
    <ClCompile Include="SEGMENT\interface.cpp">
      <Filter>SEGMENT</Filter>
    </ClCompile>
    <ClCompile Include="SEGMENT\main.cpp">
      <Filter>SEGMENT</Filter>
    </ClCompile>
    <ClCompile Include="SEGMENT\options_disp.cpp">
      <Filter>SEGMENT</Filter>
    </ClCompile>
    <ClCompile Include="SEGMENT\setting_io.cpp">
      <Filter>SEGMENT</Filter>
    </ClCompile>
    <ClCompile Include="SEGMENT\polygon_f.cpp">
      <Filter>SEGMENT</Filter>
    </ClCompile>
    <ClCompile Include="SEGMENT\helper.cpp">
      <Filter>SEGMENT</Filter>
    </ClCompile>
  </ItemGroup>
  <ItemGroup>
    <ClInclude Include="CImg.h">
      <Filter>Header Files</Filter>
    </ClInclude>
    <ClInclude Include="GEL\CGLA\ArithSqMat4x4Float.h">
      <Filter>GEL\CGLA</Filter>
    </ClInclude>
    <ClInclude Include="GEL\CGLA\ArithSqMatFloat.h">
      <Filter>GEL\CGLA</Filter>
    </ClInclude>
    <ClInclude Include="GEL\CGLA\ArithVec.h">
      <Filter>GEL\CGLA</Filter>
    </ClInclude>
    <ClInclude Include="GEL\CGLA\ArithVec2Float.h">
      <Filter>GEL\CGLA</Filter>
    </ClInclude>
    <ClInclude Include="GEL\CGLA\ArithVec3Float.h">
      <Filter>GEL\CGLA</Filter>
    </ClInclude>
    <ClInclude Include="GEL\CGLA\ArithVec3Int.h">
      <Filter>GEL\CGLA</Filter>
    </ClInclude>
    <ClInclude Include="GEL\CGLA\ArithVec4Float.h">
      <Filter>GEL\CGLA</Filter>
    </ClInclude>
    <ClInclude Include="GEL\CGLA\ArithVec4Int.h">
      <Filter>GEL\CGLA</Filter>
    </ClInclude>
    <ClInclude Include="GEL\CGLA\ArithVecFloat.h">
      <Filter>GEL\CGLA</Filter>
    </ClInclude>
    <ClInclude Include="GEL\CGLA\ArithVecInt.h">
      <Filter>GEL\CGLA</Filter>
    </ClInclude>
    <ClInclude Include="GEL\CGLA\BitMask.h">
      <Filter>GEL\CGLA</Filter>
    </ClInclude>
    <ClInclude Include="GEL\CGLA\CGLA.h">
      <Filter>GEL\CGLA</Filter>
    </ClInclude>
    <ClInclude Include="GEL\CGLA\CGLA-util.h">
      <Filter>GEL\CGLA</Filter>
    </ClInclude>
    <ClInclude Include="GEL\CGLA\eigensolution.h">
      <Filter>GEL\CGLA</Filter>
    </ClInclude>
    <ClInclude Include="GEL\CGLA\ExceptionStandard.h">
      <Filter>GEL\CGLA</Filter>
    </ClInclude>
    <ClInclude Include="GEL\CGLA\ls_solve.h">
      <Filter>GEL\CGLA</Filter>
    </ClInclude>
    <ClInclude Include="GEL\CGLA\Mat2x2d.h">
      <Filter>GEL\CGLA</Filter>
    </ClInclude>
    <ClInclude Include="GEL\CGLA\Mat2x2f.h">
      <Filter>GEL\CGLA</Filter>
    </ClInclude>
    <ClInclude Include="GEL\CGLA\Mat2x3d.h">
      <Filter>GEL\CGLA</Filter>
    </ClInclude>
    <ClInclude Include="GEL\CGLA\Mat2x3f.h">
      <Filter>GEL\CGLA</Filter>
    </ClInclude>
    <ClInclude Include="GEL\CGLA\Mat3x3d.h">
      <Filter>GEL\CGLA</Filter>
    </ClInclude>
    <ClInclude Include="GEL\CGLA\Mat3x3f.h">
      <Filter>GEL\CGLA</Filter>
    </ClInclude>
    <ClInclude Include="GEL\CGLA\Mat4x4d.h">
      <Filter>GEL\CGLA</Filter>
    </ClInclude>
    <ClInclude Include="GEL\CGLA\Mat4x4f.h">
      <Filter>GEL\CGLA</Filter>
    </ClInclude>
    <ClInclude Include="GEL\CGLA\Quatd.h">
      <Filter>GEL\CGLA</Filter>
    </ClInclude>
    <ClInclude Include="GEL\CGLA\Quaternion.h">
      <Filter>GEL\CGLA</Filter>
    </ClInclude>
    <ClInclude Include="GEL\CGLA\Quatf.h">
      <Filter>GEL\CGLA</Filter>
    </ClInclude>
    <ClInclude Include="GEL\CGLA\statistics.h">
      <Filter>GEL\CGLA</Filter>
    </ClInclude>
    <ClInclude Include="GEL\CGLA\TableTrigonometry.h">
      <Filter>GEL\CGLA</Filter>
    </ClInclude>
    <ClInclude Include="GEL\CGLA\UnitVector.h">
      <Filter>GEL\CGLA</Filter>
    </ClInclude>
    <ClInclude Include="GEL\CGLA\Vec2d.h">
      <Filter>GEL\CGLA</Filter>
    </ClInclude>
    <ClInclude Include="GEL\CGLA\Vec2f.h">
      <Filter>GEL\CGLA</Filter>
    </ClInclude>
    <ClInclude Include="GEL\CGLA\Vec2i.h">
      <Filter>GEL\CGLA</Filter>
    </ClInclude>
    <ClInclude Include="GEL\CGLA\Vec2ui.h">
      <Filter>GEL\CGLA</Filter>
    </ClInclude>
    <ClInclude Include="GEL\CGLA\Vec3d.h">
      <Filter>GEL\CGLA</Filter>
    </ClInclude>
    <ClInclude Include="GEL\CGLA\Vec3f.h">
      <Filter>GEL\CGLA</Filter>
    </ClInclude>
    <ClInclude Include="GEL\CGLA\Vec3i.h">
      <Filter>GEL\CGLA</Filter>
    </ClInclude>
    <ClInclude Include="GEL\CGLA\Vec3uc.h">
      <Filter>GEL\CGLA</Filter>
    </ClInclude>
    <ClInclude Include="GEL\CGLA\Vec3usi.h">
      <Filter>GEL\CGLA</Filter>
    </ClInclude>
    <ClInclude Include="GEL\CGLA\Vec4d.h">
      <Filter>GEL\CGLA</Filter>
    </ClInclude>
    <ClInclude Include="GEL\CGLA\Vec4f.h">
      <Filter>GEL\CGLA</Filter>
    </ClInclude>
    <ClInclude Include="GEL\CGLA\Vec4i.h">
      <Filter>GEL\CGLA</Filter>
    </ClInclude>
    <ClInclude Include="GEL\CGLA\Vec4uc.h">
      <Filter>GEL\CGLA</Filter>
    </ClInclude>
    <ClInclude Include="GEL\CGLA\ArithMatFloat.h">
      <Filter>GEL\CGLA</Filter>
    </ClInclude>
    <ClInclude Include="GEL\CGLA\ArithQuat.h">
      <Filter>GEL\CGLA</Filter>
    </ClInclude>
    <ClInclude Include="GEL\CGLA\ArithSqMat2x2Float.h">
      <Filter>GEL\CGLA</Filter>
    </ClInclude>
    <ClInclude Include="GEL\CGLA\ArithSqMat3x3Float.h">
      <Filter>GEL\CGLA</Filter>
    </ClInclude>
    <ClInclude Include="GEL\Geometry\BoundingLNode.h">
      <Filter>GEL\Geometry</Filter>
    </ClInclude>
    <ClInclude Include="GEL\Geometry\BoundingNode.h">
      <Filter>GEL\Geometry</Filter>
    </ClInclude>
    <ClInclude Include="GEL\Geometry\BoundingTree.h">
      <Filter>GEL\Geometry</Filter>
    </ClInclude>
    <ClInclude Include="GEL\Geometry\BSPTree.h">
      <Filter>GEL\Geometry</Filter>
    </ClInclude>
    <ClInclude Include="GEL\Geometry\build_bbtree.h">
      <Filter>GEL\Geometry</Filter>
    </ClInclude>
    <ClInclude Include="GEL\Geometry\Cell.h">
      <Filter>GEL\Geometry</Filter>
    </ClInclude>
    <ClInclude Include="GEL\Geometry\GradientFilter.h">
      <Filter>GEL\Geometry</Filter>
    </ClInclude>
    <ClInclude Include="GEL\Geometry\Graph.h">
      <Filter>GEL\Geometry</Filter>
    </ClInclude>
    <ClInclude Include="GEL\Geometry\GridAlgorithm.h">
      <Filter>GEL\Geometry</Filter>
    </ClInclude>
    <ClInclude Include="GEL\Geometry\HGrid.h">
      <Filter>GEL\Geometry</Filter>
    </ClInclude>
    <ClInclude Include="GEL\Geometry\Implicit.h">
      <Filter>GEL\Geometry</Filter>
    </ClInclude>
    <ClInclude Include="GEL\Geometry\IndexedFaceSet.h">
      <Filter>GEL\Geometry</Filter>
    </ClInclude>
    <ClInclude Include="GEL\Geometry\KDTree.h">
      <Filter>GEL\Geometry</Filter>
    </ClInclude>
    <ClInclude Include="GEL\Geometry\load.h">
      <Filter>GEL\Geometry</Filter>
    </ClInclude>
    <ClInclude Include="GEL\Geometry\load_raw.h">
      <Filter>GEL\Geometry</Filter>
    </ClInclude>
    <ClInclude Include="GEL\Geometry\Material.h">
      <Filter>GEL\Geometry</Filter>
    </ClInclude>
    <ClInclude Include="GEL\Geometry\Neighbours.h">
      <Filter>GEL\Geometry</Filter>
    </ClInclude>
    <ClInclude Include="GEL\Geometry\obj_load.h">
      <Filter>GEL\Geometry</Filter>
    </ClInclude>
    <ClInclude Include="GEL\Geometry\OBox.h">
      <Filter>GEL\Geometry</Filter>
    </ClInclude>
    <ClInclude Include="GEL\Geometry\ply_load.h">
      <Filter>GEL\Geometry</Filter>
    </ClInclude>
    <ClInclude Include="GEL\Geometry\Polygonizer.h">
      <Filter>GEL\Geometry</Filter>
    </ClInclude>
    <ClInclude Include="GEL\Geometry\QEM.h">
      <Filter>GEL\Geometry</Filter>
    </ClInclude>
    <ClInclude Include="GEL\Geometry\Ray.h">
      <Filter>GEL\Geometry</Filter>
    </ClInclude>
    <ClInclude Include="GEL\Geometry\RGrid.h">
      <Filter>GEL\Geometry</Filter>
    </ClInclude>
    <ClInclude Include="GEL\Geometry\rply.h">
      <Filter>GEL\Geometry</Filter>
    </ClInclude>
    <ClInclude Include="GEL\Geometry\save_raw.h">
      <Filter>GEL\Geometry</Filter>
    </ClInclude>
    <ClInclude Include="GEL\Geometry\tessellate.h">
      <Filter>GEL\Geometry</Filter>
    </ClInclude>
    <ClInclude Include="GEL\Geometry\ThreeDDDA.h">
      <Filter>GEL\Geometry</Filter>
    </ClInclude>
    <ClInclude Include="GEL\Geometry\Triangle.h">
      <Filter>GEL\Geometry</Filter>
    </ClInclude>
    <ClInclude Include="GEL\Geometry\TrilinFilter.h">
      <Filter>GEL\Geometry</Filter>
    </ClInclude>
    <ClInclude Include="GEL\Geometry\TriMesh.h">
      <Filter>GEL\Geometry</Filter>
    </ClInclude>
    <ClInclude Include="GEL\Geometry\verification.h">
      <Filter>GEL\Geometry</Filter>
    </ClInclude>
    <ClInclude Include="GEL\Geometry\XForm.h">
      <Filter>GEL\Geometry</Filter>
    </ClInclude>
    <ClInclude Include="GEL\Geometry\AABox.h">
      <Filter>GEL\Geometry</Filter>
    </ClInclude>
    <ClInclude Include="GEL\Geometry\AncestorGrid.h">
      <Filter>GEL\Geometry</Filter>
    </ClInclude>
    <ClInclude Include="GEL\Geometry\BBox.h">
      <Filter>GEL\Geometry</Filter>
    </ClInclude>
    <ClInclude Include="GEL\Geometry\BoundingINode.h">
      <Filter>GEL\Geometry</Filter>
    </ClInclude>
    <ClInclude Include="GEL\HMesh\graph_algorithm.h">
      <Filter>GEL\HMesh</Filter>
    </ClInclude>
    <ClInclude Include="GEL\HMesh\HMesh.h">
      <Filter>GEL\HMesh</Filter>
    </ClInclude>
    <ClInclude Include="GEL\HMesh\ItemID.h">
      <Filter>GEL\HMesh</Filter>
    </ClInclude>
    <ClInclude Include="GEL\HMesh\ItemVector.h">
      <Filter>GEL\HMesh</Filter>
    </ClInclude>
    <ClInclude Include="GEL\HMesh\Iterators.h">
      <Filter>GEL\HMesh</Filter>
    </ClInclude>
    <ClInclude Include="GEL\HMesh\load.h">
      <Filter>GEL\HMesh</Filter>
    </ClInclude>
    <ClInclude Include="GEL\HMesh\Manifold.h">
      <Filter>GEL\HMesh</Filter>
    </ClInclude>
    <ClInclude Include="GEL\HMesh\mesh_optimization.h">
      <Filter>GEL\HMesh</Filter>
    </ClInclude>
    <ClInclude Include="GEL\HMesh\obj_load.h">
      <Filter>GEL\HMesh</Filter>
    </ClInclude>
    <ClInclude Include="GEL\HMesh\obj_save.h">
      <Filter>GEL\HMesh</Filter>
    </ClInclude>
    <ClInclude Include="GEL\HMesh\off_load.h">
      <Filter>GEL\HMesh</Filter>
    </ClInclude>
    <ClInclude Include="GEL\HMesh\off_save.h">
      <Filter>GEL\HMesh</Filter>
    </ClInclude>
    <ClInclude Include="GEL\HMesh\ply_load.h">
      <Filter>GEL\HMesh</Filter>
    </ClInclude>
    <ClInclude Include="GEL\HMesh\polygonize.h">
      <Filter>GEL\HMesh</Filter>
    </ClInclude>
    <ClInclude Include="GEL\HMesh\quadric_simplify.h">
      <Filter>GEL\HMesh</Filter>
    </ClInclude>
    <ClInclude Include="GEL\HMesh\refine_edges.h">
      <Filter>GEL\HMesh</Filter>
    </ClInclude>
    <ClInclude Include="GEL\HMesh\smooth.h">
      <Filter>GEL\HMesh</Filter>
    </ClInclude>
    <ClInclude Include="GEL\HMesh\subdivision.h">
      <Filter>GEL\HMesh</Filter>
    </ClInclude>
    <ClInclude Include="GEL\HMesh\triangulate.h">
      <Filter>GEL\HMesh</Filter>
    </ClInclude>
    <ClInclude Include="GEL\HMesh\Walker.h">
      <Filter>GEL\HMesh</Filter>
    </ClInclude>
    <ClInclude Include="GEL\HMesh\x3d_load.h">
      <Filter>GEL\HMesh</Filter>
    </ClInclude>
    <ClInclude Include="GEL\HMesh\x3d_save.h">
      <Filter>GEL\HMesh</Filter>
    </ClInclude>
    <ClInclude Include="GEL\HMesh\AttributeVector.h">
      <Filter>GEL\HMesh</Filter>
    </ClInclude>
    <ClInclude Include="GEL\HMesh\cleanup.h">
      <Filter>GEL\HMesh</Filter>
    </ClInclude>
    <ClInclude Include="GEL\HMesh\ConnectivityKernel.h">
      <Filter>GEL\HMesh</Filter>
    </ClInclude>
    <ClInclude Include="GEL\HMesh\curvature.h">
      <Filter>GEL\HMesh</Filter>
    </ClInclude>
    <ClInclude Include="GEL\HMesh\dual.h">
      <Filter>GEL\HMesh</Filter>
    </ClInclude>
    <ClInclude Include="GEL\Util\Timer.h">
      <Filter>GEL\Util</Filter>
    </ClInclude>
    <ClInclude Include="GEL\Util\XmlParser.h">
      <Filter>GEL\Util</Filter>
    </ClInclude>
    <ClInclude Include="GEL\Util\ArgExtracter.h">
      <Filter>GEL\Util</Filter>
    </ClInclude>
    <ClInclude Include="GEL\Util\AttribVec.h">
      <Filter>GEL\Util</Filter>
    </ClInclude>
    <ClInclude Include="GEL\Util\Grid2D.h">
      <Filter>GEL\Util</Filter>
    </ClInclude>
    <ClInclude Include="GEL\Util\Parse.h">
      <Filter>GEL\Util</Filter>
    </ClInclude>
    <ClInclude Include="GEL\Util\Range.h">
      <Filter>GEL\Util</Filter>
    </ClInclude>
    <ClInclude Include="GEL\Util\string_utils.h">
      <Filter>GEL\Util</Filter>
    </ClInclude>
    <ClInclude Include="src\object_generator.h">
      <Filter>DSC</Filter>
    </ClInclude>
    <ClInclude Include="src\trializer.h">
      <Filter>DSC</Filter>
    </ClInclude>
    <ClInclude Include="src\util.h">
      <Filter>DSC</Filter>
    </ClInclude>
    <ClInclude Include="src\velocity_function.h">
      <Filter>DSC</Filter>
    </ClInclude>
    <ClInclude Include="src\design_domain.h">
      <Filter>DSC</Filter>
    </ClInclude>
    <ClInclude Include="src\draw.h">
      <Filter>DSC</Filter>
    </ClInclude>
    <ClInclude Include="src\DSC.h">
      <Filter>DSC</Filter>
    </ClInclude>
    <ClInclude Include="SEGMENT\setting_io.hpp">
      <Filter>SEGMENT</Filter>
    </ClInclude>
    <ClInclude Include="SEGMENT\texture_helper.h">
      <Filter>SEGMENT</Filter>
    </ClInclude>
    <ClInclude Include="SEGMENT\tri_box_overlap.h">
      <Filter>SEGMENT</Filter>
    </ClInclude>
    <ClInclude Include="SEGMENT\adapt_mesh.h">
      <Filter>SEGMENT</Filter>
    </ClInclude>
    <ClInclude Include="SEGMENT\define.h">
      <Filter>SEGMENT</Filter>
    </ClInclude>
    <ClInclude Include="SEGMENT\dynamics_mul.h">
      <Filter>SEGMENT</Filter>
    </ClInclude>
    <ClInclude Include="SEGMENT\gl_debug_helper.h">
      <Filter>SEGMENT</Filter>
    </ClInclude>
    <ClInclude Include="SEGMENT\image.h">
      <Filter>SEGMENT</Filter>
    </ClInclude>
    <ClInclude Include="SEGMENT\interface.h">
      <Filter>SEGMENT</Filter>
    </ClInclude>
    <ClInclude Include="SEGMENT\options_disp.h">
      <Filter>SEGMENT</Filter>
    </ClInclude>
    <ClInclude Include="SEGMENT\polygon_f.h">
      <Filter>SEGMENT</Filter>
    </ClInclude>
    <ClInclude Include="SEGMENT\helper.h">
      <Filter>SEGMENT</Filter>
    </ClInclude>
  </ItemGroup>
</Project>